{
  "name": "svil",
  "version": "1.0.3",
  "lockfileVersion": 1,
  "requires": true,
  "dependencies": {
    "deepmerge": {
      "version": "4.2.2",
      "resolved": "https://registry.npmjs.org/deepmerge/-/deepmerge-4.2.2.tgz",
      "integrity": "sha512-FJ3UgI4gIl+PHZm53knsuSFpE+nESMr7M4v9QcgB7S63Kj/6WqMiFQJpBBYz1Pt+66bZpP3Q7Lye0Oo9MPKEdg=="
    },
    "document-ready": {
      "version": "2.0.2",
      "resolved": "https://registry.npmjs.org/document-ready/-/document-ready-2.0.2.tgz",
      "integrity": "sha512-C0ht1cPSVzL5ALWnLiXDGfQXbzmNMJrLQ7wzc2fwz5x/wlZun+uzTGJGdKgfygZQ9i7RNRxI+OV909zXKFPycA=="
    },
    "throttle-debounce": {
      "version": "3.0.1",
      "resolved": "https://registry.npmjs.org/throttle-debounce/-/throttle-debounce-3.0.1.tgz",
      "integrity": "sha512-dTEWWNu6JmeVXY0ZYoPuH5cRIwc0MeGbJwah9KUNYSJwommQpCzTySTpEe8Gs1J23aeWEuAobe4Ag7EHVt/LOg=="
    },
    "vue": {
      "version": "2.6.12",
      "resolved": "https://registry.npmjs.org/vue/-/vue-2.6.12.tgz",
      "integrity": "sha512-uhmLFETqPPNyuLLbsKz6ioJ4q7AZHzD8ZVFNATNyICSZouqP2Sz0rotWQC8UNBF6VGSCs5abnKJoStA6JbCbfg=="
    }
  }
}
